
Microsoft Visual Studio Solution File, Format Version 12.00
# Visual Studio Version 17
VisualStudioVersion = 17.3.32929.385
MinimumVisualStudioVersion = 10.0.40219.1
Project("{FAE04EC0-301F-11D3-BF4B-00C04F79EFBC}") = "Intersys", "Intersys.csproj", "{C00C5298-C98C-4882-810E-4F2D7B3CD7AE}"
EndProject
Global
	GlobalSection(SolutionConfigurationPlatforms) = preSolution
		Debug|Any CPU = Debug|Any CPU
		Release|Any CPU = Release|Any CPU
	EndGlobalSection
	GlobalSection(ProjectConfigurationPlatforms) = postSolution
		{C00C5298-C98C-4882-810E-4F2D7B3CD7AE}.Debug|Any CPU.ActiveCfg = Debug|Any CPU
		{C00C5298-C98C-4882-810E-4F2D7B3CD7AE}.Debug|Any CPU.Build.0 = Debug|Any CPU
		{C00C5298-C98C-4882-810E-4F2D7B3CD7AE}.Release|Any CPU.ActiveCfg = Release|Any CPU
		{C00C5298-C98C-4882-810E-4F2D7B3CD7AE}.Release|Any CPU.Build.0 = Release|Any CPU
	EndGlobalSection
	GlobalSection(SolutionProperties) = preSolution
		HideSolutionNode = FALSE
	EndGlobalSection
	GlobalSection(ExtensibilityGlobals) = postSolution
		SolutionGuid = {9978D0B6-4D77-45AD-B7EE-09F1F1003D38}
	EndGlobalSection
EndGlobal
